
Microsoft Visual Studio Solution File, Format Version 12.00
# Visual Studio Version 17
VisualStudioVersion = 17.11.35219.272
MinimumVisualStudioVersion = 10.0.40219.1
Project("{FAE04EC0-301F-11D3-BF4B-00C04F79EFBC}") = "baitap03", "baitap03\baitap03.csproj", "{4726CC36-31B8-40C4-88B9-C2CDD8193F92}"
EndProject
Global
	GlobalSection(SolutionConfigurationPlatforms) = preSolution
		Debug|Any CPU = Debug|Any CPU
		Release|Any CPU = Release|Any CPU
	EndGlobalSection
	GlobalSection(ProjectConfigurationPlatforms) = postSolution
		{4726CC36-31B8-40C4-88B9-C2CDD8193F92}.Debug|Any CPU.ActiveCfg = Debug|Any CPU
		{4726CC36-31B8-40C4-88B9-C2CDD8193F92}.Debug|Any CPU.Build.0 = Debug|Any CPU
		{4726CC36-31B8-40C4-88B9-C2CDD8193F92}.Release|Any CPU.ActiveCfg = Release|Any CPU
		{4726CC36-31B8-40C4-88B9-C2CDD8193F92}.Release|Any CPU.Build.0 = Release|Any CPU
	EndGlobalSection
	GlobalSection(SolutionProperties) = preSolution
		HideSolutionNode = FALSE
	EndGlobalSection
	GlobalSection(ExtensibilityGlobals) = postSolution
		SolutionGuid = {76CC34F7-10B2-441A-AA71-A4AE73836B3E}
	EndGlobalSection
EndGlobal
